<?xml version="1.0" encoding="utf-8"?>
<Project ToolsVersion="4.0" xmlns="http://schemas.microsoft.com/developer/msbuild/2003">
  <ItemGroup>
    <Filter Include="Resource Files">
      <UniqueIdentifier>{67DA6AB6-F800-4c08-8B7A-83BB121AAD01}</UniqueIdentifier>
      <Extensions>rc;ico;cur;bmp;dlg;rc2;rct;bin;rgs;gif;jpg;jpeg;jpe;resx;tiff;tif;png;wav;mfcribbon-ms</Extensions>
    </Filter>
    <Filter Include="Components">
      <UniqueIdentifier>{6e84bdcd-73a2-4988-8120-e335d61684f2}</UniqueIdentifier>
    </Filter>
    <Filter Include="Scenes">
      <UniqueIdentifier>{9293c266-92ec-4b0a-8bb2-5d4b27a34493}</UniqueIdentifier>
    </Filter>
    <Filter Include="Base">
      <UniqueIdentifier>{ee9182f0-c68b-467e-aa01-58f3cb89957e}</UniqueIdentifier>
    </Filter>
  </ItemGroup>
  <ItemGroup>
    <ClInclude Include="DigDugHealthComponent.h">
      <Filter>Components</Filter>
    </ClInclude>
    <ClInclude Include="DigDugWeaponComponent.h">
      <Filter>Components</Filter>
    </ClInclude>
    <ClInclude Include="DigDugMapComponent.h">
      <Filter>Components</Filter>
    </ClInclude>
    <ClInclude Include="AIComponent.h">
      <Filter>Components</Filter>
    </ClInclude>
    <ClInclude Include="CoopScene.h">
      <Filter>Scenes</Filter>
    </ClInclude>
    <ClInclude Include="EndSceen.h">
      <Filter>Scenes</Filter>
    </ClInclude>
    <ClInclude Include="SoloScene.h">
      <Filter>Scenes</Filter>
    </ClInclude>
    <ClInclude Include="StartScene.h">
      <Filter>Scenes</Filter>
    </ClInclude>
    <ClInclude Include="VersusScene.h">
      <Filter>Scenes</Filter>
    </ClInclude>
    <ClInclude Include="Game.h">
      <Filter>Base</Filter>
    </ClInclude>
    <ClInclude Include="InputCommands.h">
      <Filter>Base</Filter>
    </ClInclude>
    <ClInclude Include="pch.h">
      <Filter>Base</Filter>
    </ClInclude>
    <ClInclude Include="DigDugInflateComponent.h">
      <Filter>Components</Filter>
    </ClInclude>
    <ClInclude Include="DigDugGhostComponent.h">
      <Filter>Components</Filter>
    </ClInclude>
    <ClInclude Include="DigDugConditions.h">
      <Filter>Base</Filter>
    </ClInclude>
    <ClInclude Include="DigDugActions.h">
      <Filter>Base</Filter>
    </ClInclude>
    <ClInclude Include="EnemySpawner.h">
      <Filter>Base</Filter>
    </ClInclude>
    <ClInclude Include="PointsManager.h">
      <Filter>Base</Filter>
    </ClInclude>
    <ClInclude Include="..\Minigin\MovementComponent.h">
      <Filter>Components</Filter>
    </ClInclude>
  </ItemGroup>
  <ItemGroup>
    <ClCompile Include="DigDugHealthComponent.cpp">
      <Filter>Components</Filter>
    </ClCompile>
    <ClCompile Include="DigDugWeaponComponent.cpp">
      <Filter>Components</Filter>
    </ClCompile>
    <ClCompile Include="DigDugMapComponent.cpp">
      <Filter>Components</Filter>
    </ClCompile>
    <ClCompile Include="AIComponent.cpp">
      <Filter>Components</Filter>
    </ClCompile>
    <ClCompile Include="CoopScene.cpp">
      <Filter>Scenes</Filter>
    </ClCompile>
    <ClCompile Include="EndSceen.cpp">
      <Filter>Scenes</Filter>
    </ClCompile>
    <ClCompile Include="SoloScene.cpp">
      <Filter>Scenes</Filter>
    </ClCompile>
    <ClCompile Include="StartScene.cpp">
      <Filter>Scenes</Filter>
    </ClCompile>
    <ClCompile Include="VersusScene.cpp">
      <Filter>Scenes</Filter>
    </ClCompile>
    <ClCompile Include="DigDug.cpp">
      <Filter>Base</Filter>
    </ClCompile>
    <ClCompile Include="Game.cpp">
      <Filter>Base</Filter>
    </ClCompile>
    <ClCompile Include="pch.cpp">
      <Filter>Base</Filter>
    </ClCompile>
    <ClCompile Include="DigDugInflateComponent.cpp">
      <Filter>Components</Filter>
    </ClCompile>
    <ClCompile Include="DigDugGhostComponent.cpp">
      <Filter>Components</Filter>
    </ClCompile>
    <ClCompile Include="PointsManager.cpp">
      <Filter>Base</Filter>
    </ClCompile>
    <ClCompile Include="..\Minigin\MovementComponent.cpp">
      <Filter>Components</Filter>
    </ClCompile>
  </ItemGroup>
</Project>