<?xml version="1.0" encoding="utf-8"?>
<Project ToolsVersion="4.0" xmlns="http://schemas.microsoft.com/developer/msbuild/2003">
  <ItemGroup>
    <Filter Include="Resource Files">
      <UniqueIdentifier>{67DA6AB6-F800-4c08-8B7A-83BB121AAD01}</UniqueIdentifier>
      <Extensions>rc;ico;cur;bmp;dlg;rc2;rct;bin;rgs;gif;jpg;jpeg;jpe;resx;tiff;tif;png;wav;mfcribbon-ms</Extensions>
    </Filter>
    <Filter Include="Components">
      <UniqueIdentifier>{2b2ba13e-0149-4798-abee-287aa2145731}</UniqueIdentifier>
    </Filter>
    <Filter Include="Managers">
      <UniqueIdentifier>{ef170c11-87fe-429c-9858-34ff716d308d}</UniqueIdentifier>
    </Filter>
    <Filter Include="PathFinding">
      <UniqueIdentifier>{3c1c2f58-92bb-439c-b8cd-f9061858f1a4}</UniqueIdentifier>
    </Filter>
    <Filter Include="Base">
      <UniqueIdentifier>{3230db0c-f0fb-431b-bf3c-d991a6a0ea2c}</UniqueIdentifier>
    </Filter>
    <Filter Include="Structs">
      <UniqueIdentifier>{43f4bcfd-f6f1-48a1-baee-e082f1344d8b}</UniqueIdentifier>
    </Filter>
    <Filter Include="Sounds">
      <UniqueIdentifier>{e8b1fa43-a52a-4fd7-8a09-b9cbe8dd594f}</UniqueIdentifier>
    </Filter>
  </ItemGroup>
  <ItemGroup>
    <ClInclude Include="ButtonComponent.h">
      <Filter>Components</Filter>
    </ClInclude>
    <ClInclude Include="FPSComponent.h">
      <Filter>Components</Filter>
    </ClInclude>
    <ClInclude Include="MapComponent.h">
      <Filter>Components</Filter>
    </ClInclude>
    <ClInclude Include="SpriteComponent.h">
      <Filter>Components</Filter>
    </ClInclude>
    <ClInclude Include="TextComponent.h">
      <Filter>Components</Filter>
    </ClInclude>
    <ClInclude Include="TextureComponent.h">
      <Filter>Components</Filter>
    </ClInclude>
    <ClInclude Include="TransformComponent.h">
      <Filter>Components</Filter>
    </ClInclude>
    <ClInclude Include="Component.h">
      <Filter>Components</Filter>
    </ClInclude>
    <ClInclude Include="ButtonManager.h">
      <Filter>Managers</Filter>
    </ClInclude>
    <ClInclude Include="InputManager.h">
      <Filter>Managers</Filter>
    </ClInclude>
    <ClInclude Include="ResourceManager.h">
      <Filter>Managers</Filter>
    </ClInclude>
    <ClInclude Include="SceneManager.h">
      <Filter>Managers</Filter>
    </ClInclude>
    <ClInclude Include="FallingComponent..h">
      <Filter>Components</Filter>
    </ClInclude>
    <ClInclude Include="CollisionComponent.h">
      <Filter>Components</Filter>
    </ClInclude>
    <ClInclude Include="AStarPathfinder.h">
      <Filter>PathFinding</Filter>
    </ClInclude>
    <ClInclude Include="Node.h">
      <Filter>PathFinding</Filter>
    </ClInclude>
    <ClInclude Include="Connection.h">
      <Filter>PathFinding</Filter>
    </ClInclude>
    <ClInclude Include="Heuristics.h">
      <Filter>PathFinding</Filter>
    </ClInclude>
    <ClInclude Include="BinaryReader.h">
      <Filter>Base</Filter>
    </ClInclude>
    <ClInclude Include="Command.h">
      <Filter>Base</Filter>
    </ClInclude>
    <ClInclude Include="Font.h">
      <Filter>Base</Filter>
    </ClInclude>
    <ClInclude Include="GameObject.h">
      <Filter>Base</Filter>
    </ClInclude>
    <ClInclude Include="Locator.h">
      <Filter>Base</Filter>
    </ClInclude>
    <ClInclude Include="Logger.h">
      <Filter>Base</Filter>
    </ClInclude>
    <ClInclude Include="MiniginPCH.h">
      <Filter>Base</Filter>
    </ClInclude>
    <ClInclude Include="Observer.h">
      <Filter>Base</Filter>
    </ClInclude>
    <ClInclude Include="Renderer.h">
      <Filter>Base</Filter>
    </ClInclude>
    <ClInclude Include="Scene.h">
      <Filter>Base</Filter>
    </ClInclude>
    <ClInclude Include="SceneObject.h">
      <Filter>Base</Filter>
    </ClInclude>
    <ClInclude Include="Singleton.h">
      <Filter>Base</Filter>
    </ClInclude>
    <ClInclude Include="StateMachine.h">
      <Filter>Base</Filter>
    </ClInclude>
    <ClInclude Include="targetver.h">
      <Filter>Base</Filter>
    </ClInclude>
    <ClInclude Include="Texture2D.h">
      <Filter>Base</Filter>
    </ClInclude>
    <ClInclude Include="Vector3.h">
      <Filter>Structs</Filter>
    </ClInclude>
    <ClInclude Include="Block.h">
      <Filter>Structs</Filter>
    </ClInclude>
    <ClInclude Include="SoundEffect.h">
      <Filter>Sounds</Filter>
    </ClInclude>
  </ItemGroup>
  <ItemGroup>
    <ClCompile Include="ButtonComponent.cpp">
      <Filter>Components</Filter>
    </ClCompile>
    <ClCompile Include="Component.cpp">
      <Filter>Components</Filter>
    </ClCompile>
    <ClCompile Include="FPSComponent.cpp">
      <Filter>Components</Filter>
    </ClCompile>
    <ClCompile Include="MapComponent.cpp">
      <Filter>Components</Filter>
    </ClCompile>
    <ClCompile Include="SpriteComponent.cpp">
      <Filter>Components</Filter>
    </ClCompile>
    <ClCompile Include="TextComponent.cpp">
      <Filter>Components</Filter>
    </ClCompile>
    <ClCompile Include="TextureComponent.cpp">
      <Filter>Components</Filter>
    </ClCompile>
    <ClCompile Include="TransformComponent.cpp">
      <Filter>Components</Filter>
    </ClCompile>
    <ClCompile Include="ButtonManager.cpp">
      <Filter>Managers</Filter>
    </ClCompile>
    <ClCompile Include="InputManager.cpp">
      <Filter>Managers</Filter>
    </ClCompile>
    <ClCompile Include="ResourceManager.cpp">
      <Filter>Managers</Filter>
    </ClCompile>
    <ClCompile Include="SceneManager.cpp">
      <Filter>Managers</Filter>
    </ClCompile>
    <ClCompile Include="FallingComponent.cpp">
      <Filter>Components</Filter>
    </ClCompile>
    <ClCompile Include="CollisionComponent.cpp">
      <Filter>Components</Filter>
    </ClCompile>
    <ClCompile Include="AStarPathfinder.cpp">
      <Filter>PathFinding</Filter>
    </ClCompile>
    <ClCompile Include="BinaryReader.cpp">
      <Filter>Base</Filter>
    </ClCompile>
    <ClCompile Include="Font.cpp">
      <Filter>Base</Filter>
    </ClCompile>
    <ClCompile Include="GameObject.cpp">
      <Filter>Base</Filter>
    </ClCompile>
    <ClCompile Include="Locator.cpp">
      <Filter>Base</Filter>
    </ClCompile>
    <ClCompile Include="Logger.cpp">
      <Filter>Base</Filter>
    </ClCompile>
    <ClCompile Include="MiniginPCH.cpp">
      <Filter>Base</Filter>
    </ClCompile>
    <ClCompile Include="Renderer.cpp">
      <Filter>Base</Filter>
    </ClCompile>
    <ClCompile Include="Scene.cpp">
      <Filter>Base</Filter>
    </ClCompile>
    <ClCompile Include="StateMachine.cpp">
      <Filter>Base</Filter>
    </ClCompile>
    <ClCompile Include="Texture2D.cpp">
      <Filter>Base</Filter>
    </ClCompile>
    <ClCompile Include="SoundEffect.cpp">
      <Filter>Sounds</Filter>
    </ClCompile>
  </ItemGroup>
</Project>